
Microsoft Visual Studio Solution File, Format Version 12.00
# Visual Studio 15
VisualStudioVersion = 15.0.26430.16
MinimumVisualStudioVersion = 10.0.40219.1
Project("{9A19103F-16F7-4668-BE54-9A1E7A4F7556}") = "Coco", "Coco\Coco.csproj", "{0AE38172-A780-4165-BF15-4BF41ED8DC10}"
EndProject
Project("{2150E333-8FDC-42A3-9474-1A3956D46DE8}") = "Data", "Data", "{10C4B8D1-B4C4-4986-AE4D-77C77133EADB}"
EndProject
Project("{2150E333-8FDC-42A3-9474-1A3956D46DE8}") = "Model", "Model", "{9E5984A8-A527-4F01-93B2-E258F53FA613}"
EndProject
Project("{2150E333-8FDC-42A3-9474-1A3956D46DE8}") = "Repository", "Repository", "{321B4FCC-A6CC-4497-9680-AB775A2CE489}"
EndProject
Project("{FAE04EC0-301F-11D3-BF4B-00C04F79EFBC}") = "DataInitializer", "DataInitializer\DataInitializer.csproj", "{8A381303-D523-4F4C-8F63-E802A453046C}"
EndProject
Project("{FAE04EC0-301F-11D3-BF4B-00C04F79EFBC}") = "Models", "Models\Models.csproj", "{7E5B5EAC-597C-424C-A29C-381DCEFBA02C}"
EndProject
Global
	GlobalSection(SolutionConfigurationPlatforms) = preSolution
		Debug|Any CPU = Debug|Any CPU
		Release|Any CPU = Release|Any CPU
	EndGlobalSection
	GlobalSection(ProjectConfigurationPlatforms) = postSolution
		{0AE38172-A780-4165-BF15-4BF41ED8DC10}.Debug|Any CPU.ActiveCfg = Debug|Any CPU
		{0AE38172-A780-4165-BF15-4BF41ED8DC10}.Debug|Any CPU.Build.0 = Debug|Any CPU
		{0AE38172-A780-4165-BF15-4BF41ED8DC10}.Release|Any CPU.ActiveCfg = Release|Any CPU
		{0AE38172-A780-4165-BF15-4BF41ED8DC10}.Release|Any CPU.Build.0 = Release|Any CPU
		{8A381303-D523-4F4C-8F63-E802A453046C}.Debug|Any CPU.ActiveCfg = Debug|Any CPU
		{8A381303-D523-4F4C-8F63-E802A453046C}.Debug|Any CPU.Build.0 = Debug|Any CPU
		{8A381303-D523-4F4C-8F63-E802A453046C}.Release|Any CPU.ActiveCfg = Release|Any CPU
		{8A381303-D523-4F4C-8F63-E802A453046C}.Release|Any CPU.Build.0 = Release|Any CPU
		{7E5B5EAC-597C-424C-A29C-381DCEFBA02C}.Debug|Any CPU.ActiveCfg = Debug|Any CPU
		{7E5B5EAC-597C-424C-A29C-381DCEFBA02C}.Debug|Any CPU.Build.0 = Debug|Any CPU
		{7E5B5EAC-597C-424C-A29C-381DCEFBA02C}.Release|Any CPU.ActiveCfg = Release|Any CPU
		{7E5B5EAC-597C-424C-A29C-381DCEFBA02C}.Release|Any CPU.Build.0 = Release|Any CPU
	EndGlobalSection
	GlobalSection(SolutionProperties) = preSolution
		HideSolutionNode = FALSE
	EndGlobalSection
	GlobalSection(NestedProjects) = preSolution
		{8A381303-D523-4F4C-8F63-E802A453046C} = {10C4B8D1-B4C4-4986-AE4D-77C77133EADB}
		{7E5B5EAC-597C-424C-A29C-381DCEFBA02C} = {9E5984A8-A527-4F01-93B2-E258F53FA613}
	EndGlobalSection
EndGlobal
